
Microsoft Visual Studio Solution File, Format Version 12.00
# Visual Studio Version 17
VisualStudioVersion = 17.9.34723.18
MinimumVisualStudioVersion = 10.0.40219.1
Project("{FAE04EC0-301F-11D3-BF4B-00C04F79EFBC}") = "E-CommerceFurnitureBackend", "E-CommerceFurnitureBackend\E-CommerceFurnitureBackend.csproj", "{EB8A9786-FDF9-41F3-AB38-76D30B1CFC1B}"
EndProject
Global
	GlobalSection(SolutionConfigurationPlatforms) = preSolution
		Debug|Any CPU = Debug|Any CPU
		Release|Any CPU = Release|Any CPU
	EndGlobalSection
	GlobalSection(ProjectConfigurationPlatforms) = postSolution
		{EB8A9786-FDF9-41F3-AB38-76D30B1CFC1B}.Debug|Any CPU.ActiveCfg = Debug|Any CPU
		{EB8A9786-FDF9-41F3-AB38-76D30B1CFC1B}.Debug|Any CPU.Build.0 = Debug|Any CPU
		{EB8A9786-FDF9-41F3-AB38-76D30B1CFC1B}.Release|Any CPU.ActiveCfg = Release|Any CPU
		{EB8A9786-FDF9-41F3-AB38-76D30B1CFC1B}.Release|Any CPU.Build.0 = Release|Any CPU
	EndGlobalSection
	GlobalSection(SolutionProperties) = preSolution
		HideSolutionNode = FALSE
	EndGlobalSection
	GlobalSection(ExtensibilityGlobals) = postSolution
		SolutionGuid = {7098B856-028B-4BD4-AB09-06B26F87AFBF}
	EndGlobalSection
EndGlobal
